
Microsoft Visual Studio Solution File, Format Version 12.00
# Visual Studio 15
VisualStudioVersion = 15.0.28010.0
MinimumVisualStudioVersion = 10.0.40219.1
Project("{FAE04EC0-301F-11D3-BF4B-00C04F79EFBC}") = "NavigateXamarin.Android", "NavigateXamarin\NavigateXamarin.Android\NavigateXamarin.Android.csproj", "{FFD72227-01F8-4413-80AB-EC0190AF560B}"
EndProject
Project("{FAE04EC0-301F-11D3-BF4B-00C04F79EFBC}") = "NavigateXamarin.iOS", "NavigateXamarin\NavigateXamarin.iOS\NavigateXamarin.iOS.csproj", "{29F25D7A-DA4F-4044-A98C-1EBBA0D5D1D0}"
EndProject
Project("{FAE04EC0-301F-11D3-BF4B-00C04F79EFBC}") = "NavigateXamarin", "NavigateXamarin\NavigateXamarin\NavigateXamarin.csproj", "{E46A5EC4-044C-4164-8FA8-B6D5008E815A}"
EndProject
Global
	GlobalSection(SolutionConfigurationPlatforms) = preSolution
		Ad-Hoc|Any CPU = Ad-Hoc|Any CPU
		Ad-Hoc|iPhone = Ad-Hoc|iPhone
		Ad-Hoc|iPhoneSimulator = Ad-Hoc|iPhoneSimulator
		AppStore|Any CPU = AppStore|Any CPU
		AppStore|iPhone = AppStore|iPhone
		AppStore|iPhoneSimulator = AppStore|iPhoneSimulator
		Debug|Any CPU = Debug|Any CPU
		Debug|iPhone = Debug|iPhone
		Debug|iPhoneSimulator = Debug|iPhoneSimulator
		Release|Any CPU = Release|Any CPU
		Release|iPhone = Release|iPhone
		Release|iPhoneSimulator = Release|iPhoneSimulator
	EndGlobalSection
	GlobalSection(ProjectConfigurationPlatforms) = postSolution
		{FFD72227-01F8-4413-80AB-EC0190AF560B}.Ad-Hoc|Any CPU.ActiveCfg = Release|Any CPU
		{FFD72227-01F8-4413-80AB-EC0190AF560B}.Ad-Hoc|Any CPU.Build.0 = Release|Any CPU
		{FFD72227-01F8-4413-80AB-EC0190AF560B}.Ad-Hoc|Any CPU.Deploy.0 = Release|Any CPU
		{FFD72227-01F8-4413-80AB-EC0190AF560B}.Ad-Hoc|iPhone.ActiveCfg = Release|Any CPU
		{FFD72227-01F8-4413-80AB-EC0190AF560B}.Ad-Hoc|iPhone.Build.0 = Release|Any CPU
		{FFD72227-01F8-4413-80AB-EC0190AF560B}.Ad-Hoc|iPhone.Deploy.0 = Release|Any CPU
		{FFD72227-01F8-4413-80AB-EC0190AF560B}.Ad-Hoc|iPhoneSimulator.ActiveCfg = Release|Any CPU
		{FFD72227-01F8-4413-80AB-EC0190AF560B}.Ad-Hoc|iPhoneSimulator.Build.0 = Release|Any CPU
		{FFD72227-01F8-4413-80AB-EC0190AF560B}.Ad-Hoc|iPhoneSimulator.Deploy.0 = Release|Any CPU
		{FFD72227-01F8-4413-80AB-EC0190AF560B}.AppStore|Any CPU.ActiveCfg = Release|Any CPU
		{FFD72227-01F8-4413-80AB-EC0190AF560B}.AppStore|Any CPU.Build.0 = Release|Any CPU
		{FFD72227-01F8-4413-80AB-EC0190AF560B}.AppStore|Any CPU.Deploy.0 = Release|Any CPU
		{FFD72227-01F8-4413-80AB-EC0190AF560B}.AppStore|iPhone.ActiveCfg = Release|Any CPU
		{FFD72227-01F8-4413-80AB-EC0190AF560B}.AppStore|iPhone.Build.0 = Release|Any CPU
		{FFD72227-01F8-4413-80AB-EC0190AF560B}.AppStore|iPhone.Deploy.0 = Release|Any CPU
		{FFD72227-01F8-4413-80AB-EC0190AF560B}.AppStore|iPhoneSimulator.ActiveCfg = Release|Any CPU
		{FFD72227-01F8-4413-80AB-EC0190AF560B}.AppStore|iPhoneSimulator.Build.0 = Release|Any CPU
		{FFD72227-01F8-4413-80AB-EC0190AF560B}.AppStore|iPhoneSimulator.Deploy.0 = Release|Any CPU
		{FFD72227-01F8-4413-80AB-EC0190AF560B}.Debug|Any CPU.ActiveCfg = Debug|Any CPU
		{FFD72227-01F8-4413-80AB-EC0190AF560B}.Debug|Any CPU.Build.0 = Debug|Any CPU
		{FFD72227-01F8-4413-80AB-EC0190AF560B}.Debug|Any CPU.Deploy.0 = Debug|Any CPU
		{FFD72227-01F8-4413-80AB-EC0190AF560B}.Debug|iPhone.ActiveCfg = Debug|Any CPU
		{FFD72227-01F8-4413-80AB-EC0190AF560B}.Debug|iPhone.Build.0 = Debug|Any CPU
		{FFD72227-01F8-4413-80AB-EC0190AF560B}.Debug|iPhone.Deploy.0 = Debug|Any CPU
		{FFD72227-01F8-4413-80AB-EC0190AF560B}.Debug|iPhoneSimulator.ActiveCfg = Debug|Any CPU
		{FFD72227-01F8-4413-80AB-EC0190AF560B}.Debug|iPhoneSimulator.Build.0 = Debug|Any CPU
		{FFD72227-01F8-4413-80AB-EC0190AF560B}.Debug|iPhoneSimulator.Deploy.0 = Debug|Any CPU
		{FFD72227-01F8-4413-80AB-EC0190AF560B}.Release|Any CPU.ActiveCfg = Release|Any CPU
		{FFD72227-01F8-4413-80AB-EC0190AF560B}.Release|Any CPU.Build.0 = Release|Any CPU
		{FFD72227-01F8-4413-80AB-EC0190AF560B}.Release|Any CPU.Deploy.0 = Release|Any CPU
		{FFD72227-01F8-4413-80AB-EC0190AF560B}.Release|iPhone.ActiveCfg = Release|Any CPU
		{FFD72227-01F8-4413-80AB-EC0190AF560B}.Release|iPhone.Build.0 = Release|Any CPU
		{FFD72227-01F8-4413-80AB-EC0190AF560B}.Release|iPhone.Deploy.0 = Release|Any CPU
		{FFD72227-01F8-4413-80AB-EC0190AF560B}.Release|iPhoneSimulator.ActiveCfg = Release|Any CPU
		{FFD72227-01F8-4413-80AB-EC0190AF560B}.Release|iPhoneSimulator.Build.0 = Release|Any CPU
		{FFD72227-01F8-4413-80AB-EC0190AF560B}.Release|iPhoneSimulator.Deploy.0 = Release|Any CPU
		{29F25D7A-DA4F-4044-A98C-1EBBA0D5D1D0}.Ad-Hoc|Any CPU.ActiveCfg = Ad-Hoc|iPhone
		{29F25D7A-DA4F-4044-A98C-1EBBA0D5D1D0}.Ad-Hoc|Any CPU.Build.0 = Ad-Hoc|iPhone
		{29F25D7A-DA4F-4044-A98C-1EBBA0D5D1D0}.Ad-Hoc|Any CPU.Deploy.0 = Ad-Hoc|iPhone
		{29F25D7A-DA4F-4044-A98C-1EBBA0D5D1D0}.Ad-Hoc|iPhone.ActiveCfg = Ad-Hoc|iPhone
		{29F25D7A-DA4F-4044-A98C-1EBBA0D5D1D0}.Ad-Hoc|iPhone.Build.0 = Ad-Hoc|iPhone
		{29F25D7A-DA4F-4044-A98C-1EBBA0D5D1D0}.Ad-Hoc|iPhone.Deploy.0 = Ad-Hoc|iPhone
		{29F25D7A-DA4F-4044-A98C-1EBBA0D5D1D0}.Ad-Hoc|iPhoneSimulator.ActiveCfg = Ad-Hoc|iPhoneSimulator
		{29F25D7A-DA4F-4044-A98C-1EBBA0D5D1D0}.Ad-Hoc|iPhoneSimulator.Build.0 = Ad-Hoc|iPhoneSimulator
		{29F25D7A-DA4F-4044-A98C-1EBBA0D5D1D0}.Ad-Hoc|iPhoneSimulator.Deploy.0 = Ad-Hoc|iPhoneSimulator
		{29F25D7A-DA4F-4044-A98C-1EBBA0D5D1D0}.AppStore|Any CPU.ActiveCfg = AppStore|iPhone
		{29F25D7A-DA4F-4044-A98C-1EBBA0D5D1D0}.AppStore|Any CPU.Build.0 = AppStore|iPhone
		{29F25D7A-DA4F-4044-A98C-1EBBA0D5D1D0}.AppStore|Any CPU.Deploy.0 = AppStore|iPhone
		{29F25D7A-DA4F-4044-A98C-1EBBA0D5D1D0}.AppStore|iPhone.ActiveCfg = AppStore|iPhone
		{29F25D7A-DA4F-4044-A98C-1EBBA0D5D1D0}.AppStore|iPhone.Build.0 = AppStore|iPhone
		{29F25D7A-DA4F-4044-A98C-1EBBA0D5D1D0}.AppStore|iPhone.Deploy.0 = AppStore|iPhone
		{29F25D7A-DA4F-4044-A98C-1EBBA0D5D1D0}.AppStore|iPhoneSimulator.ActiveCfg = AppStore|iPhoneSimulator
		{29F25D7A-DA4F-4044-A98C-1EBBA0D5D1D0}.AppStore|iPhoneSimulator.Build.0 = AppStore|iPhoneSimulator
		{29F25D7A-DA4F-4044-A98C-1EBBA0D5D1D0}.AppStore|iPhoneSimulator.Deploy.0 = AppStore|iPhoneSimulator
		{29F25D7A-DA4F-4044-A98C-1EBBA0D5D1D0}.Debug|Any CPU.ActiveCfg = Debug|iPhoneSimulator
		{29F25D7A-DA4F-4044-A98C-1EBBA0D5D1D0}.Debug|Any CPU.Build.0 = Debug|iPhoneSimulator
		{29F25D7A-DA4F-4044-A98C-1EBBA0D5D1D0}.Debug|Any CPU.Deploy.0 = Debug|iPhoneSimulator
		{29F25D7A-DA4F-4044-A98C-1EBBA0D5D1D0}.Debug|iPhone.ActiveCfg = Debug|iPhone
		{29F25D7A-DA4F-4044-A98C-1EBBA0D5D1D0}.Debug|iPhone.Build.0 = Debug|iPhone
		{29F25D7A-DA4F-4044-A98C-1EBBA0D5D1D0}.Debug|iPhone.Deploy.0 = Debug|iPhone
		{29F25D7A-DA4F-4044-A98C-1EBBA0D5D1D0}.Debug|iPhoneSimulator.ActiveCfg = Debug|iPhoneSimulator
		{29F25D7A-DA4F-4044-A98C-1EBBA0D5D1D0}.Debug|iPhoneSimulator.Build.0 = Debug|iPhoneSimulator
		{29F25D7A-DA4F-4044-A98C-1EBBA0D5D1D0}.Debug|iPhoneSimulator.Deploy.0 = Debug|iPhoneSimulator
		{29F25D7A-DA4F-4044-A98C-1EBBA0D5D1D0}.Release|Any CPU.ActiveCfg = Release|iPhone
		{29F25D7A-DA4F-4044-A98C-1EBBA0D5D1D0}.Release|Any CPU.Build.0 = Release|iPhone
		{29F25D7A-DA4F-4044-A98C-1EBBA0D5D1D0}.Release|Any CPU.Deploy.0 = Release|iPhone
		{29F25D7A-DA4F-4044-A98C-1EBBA0D5D1D0}.Release|iPhone.ActiveCfg = Release|iPhone
		{29F25D7A-DA4F-4044-A98C-1EBBA0D5D1D0}.Release|iPhone.Build.0 = Release|iPhone
		{29F25D7A-DA4F-4044-A98C-1EBBA0D5D1D0}.Release|iPhone.Deploy.0 = Release|iPhone
		{29F25D7A-DA4F-4044-A98C-1EBBA0D5D1D0}.Release|iPhoneSimulator.ActiveCfg = Release|iPhoneSimulator
		{29F25D7A-DA4F-4044-A98C-1EBBA0D5D1D0}.Release|iPhoneSimulator.Build.0 = Release|iPhoneSimulator
		{29F25D7A-DA4F-4044-A98C-1EBBA0D5D1D0}.Release|iPhoneSimulator.Deploy.0 = Release|iPhoneSimulator
		{E46A5EC4-044C-4164-8FA8-B6D5008E815A}.Ad-Hoc|Any CPU.ActiveCfg = Debug|Any CPU
		{E46A5EC4-044C-4164-8FA8-B6D5008E815A}.Ad-Hoc|Any CPU.Build.0 = Debug|Any CPU
		{E46A5EC4-044C-4164-8FA8-B6D5008E815A}.Ad-Hoc|Any CPU.Deploy.0 = Debug|Any CPU
		{E46A5EC4-044C-4164-8FA8-B6D5008E815A}.Ad-Hoc|iPhone.ActiveCfg = Debug|Any CPU
		{E46A5EC4-044C-4164-8FA8-B6D5008E815A}.Ad-Hoc|iPhone.Build.0 = Debug|Any CPU
		{E46A5EC4-044C-4164-8FA8-B6D5008E815A}.Ad-Hoc|iPhone.Deploy.0 = Debug|Any CPU
		{E46A5EC4-044C-4164-8FA8-B6D5008E815A}.Ad-Hoc|iPhoneSimulator.ActiveCfg = Debug|Any CPU
		{E46A5EC4-044C-4164-8FA8-B6D5008E815A}.Ad-Hoc|iPhoneSimulator.Build.0 = Debug|Any CPU
		{E46A5EC4-044C-4164-8FA8-B6D5008E815A}.Ad-Hoc|iPhoneSimulator.Deploy.0 = Debug|Any CPU
		{E46A5EC4-044C-4164-8FA8-B6D5008E815A}.AppStore|Any CPU.ActiveCfg = Debug|Any CPU
		{E46A5EC4-044C-4164-8FA8-B6D5008E815A}.AppStore|Any CPU.Build.0 = Debug|Any CPU
		{E46A5EC4-044C-4164-8FA8-B6D5008E815A}.AppStore|Any CPU.Deploy.0 = Debug|Any CPU
		{E46A5EC4-044C-4164-8FA8-B6D5008E815A}.AppStore|iPhone.ActiveCfg = Debug|Any CPU
		{E46A5EC4-044C-4164-8FA8-B6D5008E815A}.AppStore|iPhone.Build.0 = Debug|Any CPU
		{E46A5EC4-044C-4164-8FA8-B6D5008E815A}.AppStore|iPhone.Deploy.0 = Debug|Any CPU
		{E46A5EC4-044C-4164-8FA8-B6D5008E815A}.AppStore|iPhoneSimulator.ActiveCfg = Debug|Any CPU
		{E46A5EC4-044C-4164-8FA8-B6D5008E815A}.AppStore|iPhoneSimulator.Build.0 = Debug|Any CPU
		{E46A5EC4-044C-4164-8FA8-B6D5008E815A}.AppStore|iPhoneSimulator.Deploy.0 = Debug|Any CPU
		{E46A5EC4-044C-4164-8FA8-B6D5008E815A}.Debug|Any CPU.ActiveCfg = Debug|Any CPU
		{E46A5EC4-044C-4164-8FA8-B6D5008E815A}.Debug|Any CPU.Build.0 = Debug|Any CPU
		{E46A5EC4-044C-4164-8FA8-B6D5008E815A}.Debug|Any CPU.Deploy.0 = Debug|Any CPU
		{E46A5EC4-044C-4164-8FA8-B6D5008E815A}.Debug|iPhone.ActiveCfg = Debug|Any CPU
		{E46A5EC4-044C-4164-8FA8-B6D5008E815A}.Debug|iPhone.Build.0 = Debug|Any CPU
		{E46A5EC4-044C-4164-8FA8-B6D5008E815A}.Debug|iPhone.Deploy.0 = Debug|Any CPU
		{E46A5EC4-044C-4164-8FA8-B6D5008E815A}.Debug|iPhoneSimulator.ActiveCfg = Debug|Any CPU
		{E46A5EC4-044C-4164-8FA8-B6D5008E815A}.Debug|iPhoneSimulator.Build.0 = Debug|Any CPU
		{E46A5EC4-044C-4164-8FA8-B6D5008E815A}.Debug|iPhoneSimulator.Deploy.0 = Debug|Any CPU
		{E46A5EC4-044C-4164-8FA8-B6D5008E815A}.Release|Any CPU.ActiveCfg = Release|Any CPU
		{E46A5EC4-044C-4164-8FA8-B6D5008E815A}.Release|Any CPU.Build.0 = Release|Any CPU
		{E46A5EC4-044C-4164-8FA8-B6D5008E815A}.Release|Any CPU.Deploy.0 = Release|Any CPU
		{E46A5EC4-044C-4164-8FA8-B6D5008E815A}.Release|iPhone.ActiveCfg = Release|Any CPU
		{E46A5EC4-044C-4164-8FA8-B6D5008E815A}.Release|iPhone.Build.0 = Release|Any CPU
		{E46A5EC4-044C-4164-8FA8-B6D5008E815A}.Release|iPhone.Deploy.0 = Release|Any CPU
		{E46A5EC4-044C-4164-8FA8-B6D5008E815A}.Release|iPhoneSimulator.ActiveCfg = Release|Any CPU
		{E46A5EC4-044C-4164-8FA8-B6D5008E815A}.Release|iPhoneSimulator.Build.0 = Release|Any CPU
		{E46A5EC4-044C-4164-8FA8-B6D5008E815A}.Release|iPhoneSimulator.Deploy.0 = Release|Any CPU
	EndGlobalSection
	GlobalSection(SolutionProperties) = preSolution
		HideSolutionNode = FALSE
	EndGlobalSection
	GlobalSection(ExtensibilityGlobals) = postSolution
		SolutionGuid = {33A091AC-7D46-4460-B29F-08A485CD330A}
	EndGlobalSection
EndGlobal
